
Microsoft Visual Studio Solution File, Format Version 12.00
# Visual Studio 2013
VisualStudioVersion = 12.0.30501.0
MinimumVisualStudioVersion = 10.0.40219.1
Project("{8BC9CEB8-8B4A-11D0-8D11-00A0C91BC942}") = "D1X-Rebirth", "D1X-Rebirth.vcxproj", "{0262FADF-B714-40D7-8E8B-DEE725AB4EE4}"
	ProjectSection(ProjectDependencies) = postProject
		{0DE7B93D-E5DE-4409-A973-AB89A2495C41} = {0DE7B93D-E5DE-4409-A973-AB89A2495C41}
	EndProjectSection
EndProject
Project("{8BC9CEB8-8B4A-11D0-8D11-00A0C91BC942}") = "D2X-Rebirth", "D2X-Rebirth.vcxproj", "{F04CF765-32A1-4BE6-BEF6-F44E87B6F163}"
	ProjectSection(ProjectDependencies) = postProject
		{0DE7B93D-E5DE-4409-A973-AB89A2495C41} = {0DE7B93D-E5DE-4409-A973-AB89A2495C41}
	EndProjectSection
EndProject
Project("{8BC9CEB8-8B4A-11D0-8D11-00A0C91BC942}") = "Common", "Common.vcxproj", "{0DE7B93D-E5DE-4409-A973-AB89A2495C41}"
EndProject
Global
	GlobalSection(SolutionConfigurationPlatforms) = preSolution
		Debug|Win32 = Debug|Win32
		Release|Win32 = Release|Win32
	EndGlobalSection
	GlobalSection(ProjectConfigurationPlatforms) = postSolution
		{0262FADF-B714-40D7-8E8B-DEE725AB4EE4}.Debug|Win32.ActiveCfg = Debug|Win32
		{0262FADF-B714-40D7-8E8B-DEE725AB4EE4}.Debug|Win32.Build.0 = Debug|Win32
		{0262FADF-B714-40D7-8E8B-DEE725AB4EE4}.Release|Win32.ActiveCfg = Release|Win32
		{0262FADF-B714-40D7-8E8B-DEE725AB4EE4}.Release|Win32.Build.0 = Release|Win32
		{F04CF765-32A1-4BE6-BEF6-F44E87B6F163}.Debug|Win32.ActiveCfg = Debug|Win32
		{F04CF765-32A1-4BE6-BEF6-F44E87B6F163}.Debug|Win32.Build.0 = Debug|Win32
		{F04CF765-32A1-4BE6-BEF6-F44E87B6F163}.Release|Win32.ActiveCfg = Release|Win32
		{F04CF765-32A1-4BE6-BEF6-F44E87B6F163}.Release|Win32.Build.0 = Release|Win32
		{0DE7B93D-E5DE-4409-A973-AB89A2495C41}.Debug|Win32.ActiveCfg = Debug|Win32
		{0DE7B93D-E5DE-4409-A973-AB89A2495C41}.Debug|Win32.Build.0 = Debug|Win32
		{0DE7B93D-E5DE-4409-A973-AB89A2495C41}.Release|Win32.ActiveCfg = Release|Win32
		{0DE7B93D-E5DE-4409-A973-AB89A2495C41}.Release|Win32.Build.0 = Release|Win32
	EndGlobalSection
	GlobalSection(SolutionProperties) = preSolution
		HideSolutionNode = FALSE
	EndGlobalSection
EndGlobal
